<?xml version="1.0" encoding="UTF-8" standalone="yes" ?>
<CodeBlocks_project_file>
	<FileVersion major="1" minor="6" />
	<Project>
		<Option title="MN_zad_4" />
		<Option pch_mode="2" />
		<Option compiler="gcc" />
		<Build>
			<Target title="Debug">
				<Option output="bin/Debug/MN_zad_4" prefix_auto="1" extension_auto="1" />
				<Option object_output="obj/Debug/" />
				<Option type="1" />
				<Option compiler="gcc" />
				<Compiler>
					<Add option="-Wall" />
					<Add option="-std=gnu++11" />
					<Add option="-g" />
					<Add directory="include" />
				</Compiler>
			</Target>
			<Target title="Release">
				<Option output="bin/Release/MN_zad_4" prefix_auto="1" extension_auto="1" />
				<Option object_output="obj/Release/" />
				<Option type="1" />
				<Option compiler="gcc" />
				<Compiler>
					<Add option="-O2" />
					<Add directory="include" />
				</Compiler>
				<Linker>
					<Add option="-s" />
				</Linker>
			</Target>
		</Build>
		<Compiler>
			<Add option="-Wall" />
			<Add option="-fexceptions" />
		</Compiler>
		<Unit filename="gnuplot_manager/Gnuplot_manager.h" />
		<Unit filename="gnuplot_manager/include/Define.h" />
		<Unit filename="gnuplot_manager/include/GnuPlot.h" />
		<Unit filename="gnuplot_manager/src/GnuPlot.cpp" />
		<Unit filename="include/Define.h" />
		<Unit filename="include/Funkcje.h" />
		<Unit filename="include/Hermit.h" />
		<Unit filename="include/Horner.h" />
		<Unit filename="include/Newton_Cotes.h" />
		<Unit filename="include/Wykres.h" />
		<Unit filename="interpolacja/Interpolacja.cpp" />
		<Unit filename="interpolacja/Interpolacja.h" />
		<Unit filename="main.cpp" />
		<Unit filename="src/Funkcje.cpp" />
		<Unit filename="src/Hermit.cpp" />
		<Unit filename="src/Horner.cpp" />
		<Unit filename="src/Newton_Cotes.cpp" />
		<Unit filename="src/Wykres.cpp" />
		<Extensions>
			<editor_config active="0" use_tabs="0" tab_indents="1" tab_width="4" indent="4" eol_mode="0" />
			<lib_finder disable_auto="1" />
		</Extensions>
	</Project>
</CodeBlocks_project_file>
